
Microsoft Visual Studio Solution File, Format Version 12.00
# Visual Studio Version 16
VisualStudioVersion = 16.0.31624.102
MinimumVisualStudioVersion = 10.0.40219.1
Project("{9A19103F-16F7-4668-BE54-9A1E7A4F7556}") = "Lab1UI", "Lab1UI\Lab1UI.csproj", "{EA0834FD-EF40-4E93-9A54-96F83BB4DF33}"
EndProject
Project("{9A19103F-16F7-4668-BE54-9A1E7A4F7556}") = "Lab1.RandomNumberGenerator", "Lab1.RandomNumberGenerator\Lab1.RandomNumberGenerator.csproj", "{BA76C96C-DCAF-4095-B561-4AA42FA78D81}"
EndProject
Project("{2150E333-8FDC-42A3-9474-1A3956D46DE8}") = "Lab1", "Lab1", "{9DE0981F-AEAA-4989-B74B-C798235CD2D5}"
EndProject
Project("{2150E333-8FDC-42A3-9474-1A3956D46DE8}") = "Lab2", "Lab2", "{79A9B764-9DE0-44E5-B3FE-039CE1341D0B}"
EndProject
Project("{FAE04EC0-301F-11D3-BF4B-00C04F79EFBC}") = "Lab2.UI", "Lab2.UI\Lab2.UI.csproj", "{34A4B236-396A-4E41-A091-FE0313D4E274}"
EndProject
Project("{9A19103F-16F7-4668-BE54-9A1E7A4F7556}") = "Lab2.HashAlgorithm", "PDS.Lab2.HashingAlgorithms\Lab2.HashAlgorithm.csproj", "{F5F61EEE-74D2-4389-90F6-425EFBE20F8D}"
EndProject
Project("{9A19103F-16F7-4668-BE54-9A1E7A4F7556}") = "PDS.Lab2.HashingAlgorithms.Tests", "Lab2.HashAlgorithm.Tests\PDS.Lab2.HashingAlgorithms.Tests.csproj", "{587C8B2C-8760-45E5-A9BE-8980F7F0FE85}"
EndProject
Global
	GlobalSection(SolutionConfigurationPlatforms) = preSolution
		Debug|Any CPU = Debug|Any CPU
		Release|Any CPU = Release|Any CPU
	EndGlobalSection
	GlobalSection(ProjectConfigurationPlatforms) = postSolution
		{EA0834FD-EF40-4E93-9A54-96F83BB4DF33}.Debug|Any CPU.ActiveCfg = Debug|Any CPU
		{EA0834FD-EF40-4E93-9A54-96F83BB4DF33}.Debug|Any CPU.Build.0 = Debug|Any CPU
		{EA0834FD-EF40-4E93-9A54-96F83BB4DF33}.Release|Any CPU.ActiveCfg = Release|Any CPU
		{EA0834FD-EF40-4E93-9A54-96F83BB4DF33}.Release|Any CPU.Build.0 = Release|Any CPU
		{BA76C96C-DCAF-4095-B561-4AA42FA78D81}.Debug|Any CPU.ActiveCfg = Debug|Any CPU
		{BA76C96C-DCAF-4095-B561-4AA42FA78D81}.Debug|Any CPU.Build.0 = Debug|Any CPU
		{BA76C96C-DCAF-4095-B561-4AA42FA78D81}.Release|Any CPU.ActiveCfg = Release|Any CPU
		{BA76C96C-DCAF-4095-B561-4AA42FA78D81}.Release|Any CPU.Build.0 = Release|Any CPU
		{34A4B236-396A-4E41-A091-FE0313D4E274}.Debug|Any CPU.ActiveCfg = Debug|Any CPU
		{34A4B236-396A-4E41-A091-FE0313D4E274}.Debug|Any CPU.Build.0 = Debug|Any CPU
		{34A4B236-396A-4E41-A091-FE0313D4E274}.Release|Any CPU.ActiveCfg = Release|Any CPU
		{34A4B236-396A-4E41-A091-FE0313D4E274}.Release|Any CPU.Build.0 = Release|Any CPU
		{F5F61EEE-74D2-4389-90F6-425EFBE20F8D}.Debug|Any CPU.ActiveCfg = Debug|Any CPU
		{F5F61EEE-74D2-4389-90F6-425EFBE20F8D}.Debug|Any CPU.Build.0 = Debug|Any CPU
		{F5F61EEE-74D2-4389-90F6-425EFBE20F8D}.Release|Any CPU.ActiveCfg = Release|Any CPU
		{F5F61EEE-74D2-4389-90F6-425EFBE20F8D}.Release|Any CPU.Build.0 = Release|Any CPU
		{587C8B2C-8760-45E5-A9BE-8980F7F0FE85}.Debug|Any CPU.ActiveCfg = Debug|Any CPU
		{587C8B2C-8760-45E5-A9BE-8980F7F0FE85}.Debug|Any CPU.Build.0 = Debug|Any CPU
		{587C8B2C-8760-45E5-A9BE-8980F7F0FE85}.Release|Any CPU.ActiveCfg = Release|Any CPU
		{587C8B2C-8760-45E5-A9BE-8980F7F0FE85}.Release|Any CPU.Build.0 = Release|Any CPU
	EndGlobalSection
	GlobalSection(SolutionProperties) = preSolution
		HideSolutionNode = FALSE
	EndGlobalSection
	GlobalSection(NestedProjects) = preSolution
		{EA0834FD-EF40-4E93-9A54-96F83BB4DF33} = {9DE0981F-AEAA-4989-B74B-C798235CD2D5}
		{BA76C96C-DCAF-4095-B561-4AA42FA78D81} = {9DE0981F-AEAA-4989-B74B-C798235CD2D5}
		{34A4B236-396A-4E41-A091-FE0313D4E274} = {79A9B764-9DE0-44E5-B3FE-039CE1341D0B}
		{F5F61EEE-74D2-4389-90F6-425EFBE20F8D} = {79A9B764-9DE0-44E5-B3FE-039CE1341D0B}
		{587C8B2C-8760-45E5-A9BE-8980F7F0FE85} = {79A9B764-9DE0-44E5-B3FE-039CE1341D0B}
	EndGlobalSection
	GlobalSection(ExtensibilityGlobals) = postSolution
		SolutionGuid = {4A32DC59-8162-4654-9CDC-5D770B99FB45}
	EndGlobalSection
EndGlobal
